
Microsoft Visual Studio Solution File, Format Version 12.00
# Visual Studio Version 17
VisualStudioVersion = 17.10.35122.118
MinimumVisualStudioVersion = 10.0.40219.1
Project("{FAE04EC0-301F-11D3-BF4B-00C04F79EFBC}") = "MenuBarSnappet", "MenuBarSnappet.csproj", "{DFB82492-3575-40B3-A22A-B65656E1A147}"
EndProject
Global
	GlobalSection(SolutionConfigurationPlatforms) = preSolution
		Debug|Any CPU = Debug|Any CPU
		Release|Any CPU = Release|Any CPU
	EndGlobalSection
	GlobalSection(ProjectConfigurationPlatforms) = postSolution
		{DFB82492-3575-40B3-A22A-B65656E1A147}.Debug|Any CPU.ActiveCfg = Debug|Any CPU
		{DFB82492-3575-40B3-A22A-B65656E1A147}.Debug|Any CPU.Build.0 = Debug|Any CPU
		{DFB82492-3575-40B3-A22A-B65656E1A147}.Debug|Any CPU.Deploy.0 = Debug|Any CPU
		{DFB82492-3575-40B3-A22A-B65656E1A147}.Release|Any CPU.ActiveCfg = Release|Any CPU
		{DFB82492-3575-40B3-A22A-B65656E1A147}.Release|Any CPU.Build.0 = Release|Any CPU
		{DFB82492-3575-40B3-A22A-B65656E1A147}.Release|Any CPU.Deploy.0 = Release|Any CPU
	EndGlobalSection
	GlobalSection(SolutionProperties) = preSolution
		HideSolutionNode = FALSE
	EndGlobalSection
	GlobalSection(ExtensibilityGlobals) = postSolution
		SolutionGuid = {5385FC1D-DE8F-4E8D-BE0E-F0DC999F33BB}
	EndGlobalSection
EndGlobal
