
Microsoft Visual Studio Solution File, Format Version 12.00
# Visual Studio Version 17
VisualStudioVersion = 17.11.35222.181
MinimumVisualStudioVersion = 10.0.40219.1
Project("{FAE04EC0-301F-11D3-BF4B-00C04F79EFBC}") = "AdventureWorks", "AdventureWorks.csproj", "{009877A2-1325-440F-9117-87DD25119452}"
EndProject
Global
	GlobalSection(SolutionConfigurationPlatforms) = preSolution
		Debug|Any CPU = Debug|Any CPU
		Release|Any CPU = Release|Any CPU
	EndGlobalSection
	GlobalSection(ProjectConfigurationPlatforms) = postSolution
		{009877A2-1325-440F-9117-87DD25119452}.Debug|Any CPU.ActiveCfg = Debug|Any CPU
		{009877A2-1325-440F-9117-87DD25119452}.Debug|Any CPU.Build.0 = Debug|Any CPU
		{009877A2-1325-440F-9117-87DD25119452}.Debug|Any CPU.Deploy.0 = Debug|Any CPU
		{009877A2-1325-440F-9117-87DD25119452}.Release|Any CPU.ActiveCfg = Release|Any CPU
		{009877A2-1325-440F-9117-87DD25119452}.Release|Any CPU.Build.0 = Release|Any CPU
		{009877A2-1325-440F-9117-87DD25119452}.Release|Any CPU.Deploy.0 = Release|Any CPU
	EndGlobalSection
	GlobalSection(SolutionProperties) = preSolution
		HideSolutionNode = FALSE
	EndGlobalSection
	GlobalSection(ExtensibilityGlobals) = postSolution
		SolutionGuid = {E837841D-A67E-4BFD-9168-997E2CF207F3}
	EndGlobalSection
EndGlobal
